// !$*UTF8*$!
{
	archiveVersion = 1;
	classes = {
	};
	objectVersion = 55;
	objects = {

/* Begin PBXBuildFile section */
		4EEC15F728A2E9AB00ADAB3A /* AppDelegate.swift in Sources */ = {isa = PBXBuildFile; fileRef = 4EEC15F628A2E9AB00ADAB3A /* AppDelegate.swift */; };
		4EEC15F928A2E9AB00ADAB3A /* SceneDelegate.swift in Sources */ = {isa = PBXBuildFile; fileRef = 4EEC15F828A2E9AB00ADAB3A /* SceneDelegate.swift */; };
		4EEC15FB28A2E9AB00ADAB3A /* ViewController.swift in Sources */ = {isa = PBXBuildFile; fileRef = 4EEC15FA28A2E9AB00ADAB3A /* ViewController.swift */; };
		4EEC15FE28A2E9AB00ADAB3A /* Main.storyboard in Resources */ = {isa = PBXBuildFile; fileRef = 4EEC15FC28A2E9AB00ADAB3A /* Main.storyboard */; };
		4EEC160028A2E9AC00ADAB3A /* Assets.xcassets in Resources */ = {isa = PBXBuildFile; fileRef = 4EEC15FF28A2E9AC00ADAB3A /* Assets.xcassets */; };
		4EEC160328A2E9AC00ADAB3A /* LaunchScreen.storyboard in Resources */ = {isa = PBXBuildFile; fileRef = 4EEC160128A2E9AC00ADAB3A /* LaunchScreen.storyboard */; };
		4EEC160E28A2E9AC00ADAB3A /* GrowFriendTests.swift in Sources */ = {isa = PBXBuildFile; fileRef = 4EEC160D28A2E9AC00ADAB3A /* GrowFriendTests.swift */; };
		4EEC161828A2E9AC00ADAB3A /* GrowFriendUITests.swift in Sources */ = {isa = PBXBuildFile; fileRef = 4EEC161728A2E9AC00ADAB3A /* GrowFriendUITests.swift */; };
		4EEC161A28A2E9AC00ADAB3A /* GrowFriendUITestsLaunchTests.swift in Sources */ = {isa = PBXBuildFile; fileRef = 4EEC161928A2E9AC00ADAB3A /* GrowFriendUITestsLaunchTests.swift */; };
/* End PBXBuildFile section */

/* Begin PBXContainerItemProxy section */
		4EEC160A28A2E9AC00ADAB3A /* PBXContainerItemProxy */ = {
			isa = PBXContainerItemProxy;
			containerPortal = 4EEC15EB28A2E9AB00ADAB3A /* Project object */;
			proxyType = 1;
			remoteGlobalIDString = 4EEC15F228A2E9AB00ADAB3A;
			remoteInfo = GrowFriend;
		};
		4EEC161428A2E9AC00ADAB3A /* PBXContainerItemProxy */ = {
			isa = PBXContainerItemProxy;
			containerPortal = 4EEC15EB28A2E9AB00ADAB3A /* Project object */;
			proxyType = 1;
			remoteGlobalIDString = 4EEC15F228A2E9AB00ADAB3A;
			remoteInfo = GrowFriend;
		};
/* End PBXContainerItemProxy section */

/* Begin PBXFileReference section */
		4EEC15F328A2E9AB00ADAB3A /* GrowFriend.app */ = {isa = PBXFileReference; explicitFileType = wrapper.application; includeInIndex = 0; path = GrowFriend.app; sourceTree = BUILT_PRODUCTS_DIR; };
		4EEC15F628A2E9AB00ADAB3A /* AppDelegate.swift */ = {isa = PBXFileReference; lastKnownFileType = sourcecode.swift; path = AppDelegate.swift; sourceTree = "<group>"; };
		4EEC15F828A2E9AB00ADAB3A /* SceneDelegate.swift */ = {isa = PBXFileReference; lastKnownFileType = sourcecode.swift; path = SceneDelegate.swift; sourceTree = "<group>"; };
		4EEC15FA28A2E9AB00ADAB3A /* ViewController.swift */ = {isa = PBXFileReference; lastKnownFileType = sourcecode.swift; path = ViewController.swift; sourceTree = "<group>"; };
		4EEC15FD28A2E9AB00ADAB3A /* Base */ = {isa = PBXFileReference; lastKnownFileType = file.storyboard; name = Base; path = Base.lproj/Main.storyboard; sourceTree = "<group>"; };
		4EEC15FF28A2E9AC00ADAB3A /* Assets.xcassets */ = {isa = PBXFileReference; lastKnownFileType = folder.assetcatalog; path = Assets.xcassets; sourceTree = "<group>"; };
		4EEC160228A2E9AC00ADAB3A /* Base */ = {isa = PBXFileReference; lastKnownFileType = file.storyboard; name = Base; path = Base.lproj/LaunchScreen.storyboard; sourceTree = "<group>"; };
		4EEC160428A2E9AC00ADAB3A /* Info.plist */ = {isa = PBXFileReference; lastKnownFileType = text.plist.xml; path = Info.plist; sourceTree = "<group>"; };
		4EEC160928A2E9AC00ADAB3A /* GrowFriendTests.xctest */ = {isa = PBXFileReference; explicitFileType = wrapper.cfbundle; includeInIndex = 0; path = GrowFriendTests.xctest; sourceTree = BUILT_PRODUCTS_DIR; };
		4EEC160D28A2E9AC00ADAB3A /* GrowFriendTests.swift */ = {isa = PBXFileReference; lastKnownFileType = sourcecode.swift; path = GrowFriendTests.swift; sourceTree = "<group>"; };
		4EEC161328A2E9AC00ADAB3A /* GrowFriendUITests.xctest */ = {isa = PBXFileReference; explicitFileType = wrapper.cfbundle; includeInIndex = 0; path = GrowFriendUITests.xctest; sourceTree = BUILT_PRODUCTS_DIR; };
		4EEC161728A2E9AC00ADAB3A /* GrowFriendUITests.swift */ = {isa = PBXFileReference; lastKnownFileType = sourcecode.swift; path = GrowFriendUITests.swift; sourceTree = "<group>"; };
		4EEC161928A2E9AC00ADAB3A /* GrowFriendUITestsLaunchTests.swift */ = {isa = PBXFileReference; lastKnownFileType = sourcecode.swift; path = GrowFriendUITestsLaunchTests.swift; sourceTree = "<group>"; };
/* End PBXFileReference section */

/* Begin PBXFrameworksBuildPhase section */
		4EEC15F028A2E9AB00ADAB3A /* Frameworks */ = {
			isa = PBXFrameworksBuildPhase;
			buildActionMask = 2147483647;
			files = (
			);
			runOnlyForDeploymentPostprocessing = 0;
		};
		4EEC160628A2E9AC00ADAB3A /* Frameworks */ = {
			isa = PBXFrameworksBuildPhase;
			buildActionMask = 2147483647;
			files = (
			);
			runOnlyForDeploymentPostprocessing = 0;
		};
		4EEC161028A2E9AC00ADAB3A /* Frameworks */ = {
			isa = PBXFrameworksBuildPhase;
			buildActionMask = 2147483647;
			files = (
			);
			runOnlyForDeploymentPostprocessing = 0;
		};
/* End PBXFrameworksBuildPhase section */

/* Begin PBXGroup section */
		4EEC15EA28A2E9AB00ADAB3A = {
			isa = PBXGroup;
			children = (
				4EEC15F528A2E9AB00ADAB3A /* GrowFriend */,
				4EEC160C28A2E9AC00ADAB3A /* GrowFriendTests */,
				4EEC161628A2E9AC00ADAB3A /* GrowFriendUITests */,
				4EEC15F428A2E9AB00ADAB3A /* Products */,
			);
			sourceTree = "<group>";
		};
		4EEC15F428A2E9AB00ADAB3A /* Products */ = {
			isa = PBXGroup;
			children = (
				4EEC15F328A2E9AB00ADAB3A /* GrowFriend.app */,
				4EEC160928A2E9AC00ADAB3A /* GrowFriendTests.xctest */,
				4EEC161328A2E9AC00ADAB3A /* GrowFriendUITests.xctest */,
			);
			name = Products;
			sourceTree = "<group>";
		};
		4EEC15F528A2E9AB00ADAB3A /* GrowFriend */ = {
			isa = PBXGroup;
			children = (
				4EEC15F628A2E9AB00ADAB3A /* AppDelegate.swift */,
				4EEC15F828A2E9AB00ADAB3A /* SceneDelegate.swift */,
				4EEC15FA28A2E9AB00ADAB3A /* ViewController.swift */,
				4EEC15FC28A2E9AB00ADAB3A /* Main.storyboard */,
				4EEC15FF28A2E9AC00ADAB3A /* Assets.xcassets */,
				4EEC160128A2E9AC00ADAB3A /* LaunchScreen.storyboard */,
				4EEC160428A2E9AC00ADAB3A /* Info.plist */,
			);
			path = GrowFriend;
			sourceTree = "<group>";
		};
		4EEC160C28A2E9AC00ADAB3A /* GrowFriendTests */ = {
			isa = PBXGroup;
			children = (
				4EEC160D28A2E9AC00ADAB3A /* GrowFriendTests.swift */,
			);
			path = GrowFriendTests;
			sourceTree = "<group>";
		};
		4EEC161628A2E9AC00ADAB3A /* GrowFriendUITests */ = {
			isa = PBXGroup;
			children = (
				4EEC161728A2E9AC00ADAB3A /* GrowFriendUITests.swift */,
				4EEC161928A2E9AC00ADAB3A /* GrowFriendUITestsLaunchTests.swift */,
			);
			path = GrowFriendUITests;
			sourceTree = "<group>";
		};
/* End PBXGroup section */

/* Begin PBXNativeTarget section */
		4EEC15F228A2E9AB00ADAB3A /* GrowFriend */ = {
			isa = PBXNativeTarget;
			buildConfigurationList = 4EEC161D28A2E9AC00ADAB3A /* Build configuration list for PBXNativeTarget "GrowFriend" */;
			buildPhases = (
				4EEC15EF28A2E9AB00ADAB3A /* Sources */,
				4EEC15F028A2E9AB00ADAB3A /* Frameworks */,
				4EEC15F128A2E9AB00ADAB3A /* Resources */,
			);
			buildRules = (
			);
			dependencies = (
			);
			name = GrowFriend;
			productName = GrowFriend;
			productReference = 4EEC15F328A2E9AB00ADAB3A /* GrowFriend.app */;
			productType = "com.apple.product-type.application";
		};
		4EEC160828A2E9AC00ADAB3A /* GrowFriendTests */ = {
			isa = PBXNativeTarget;
			buildConfigurationList = 4EEC162028A2E9AC00ADAB3A /* Build configuration list for PBXNativeTarget "GrowFriendTests" */;
			buildPhases = (
				4EEC160528A2E9AC00ADAB3A /* Sources */,
				4EEC160628A2E9AC00ADAB3A /* Frameworks */,
				4EEC160728A2E9AC00ADAB3A /* Resources */,
			);
			buildRules = (
			);
			dependencies = (
				4EEC160B28A2E9AC00ADAB3A /* PBXTargetDependency */,
			);
			name = GrowFriendTests;
			productName = GrowFriendTests;
			productReference = 4EEC160928A2E9AC00ADAB3A /* GrowFriendTests.xctest */;
			productType = "com.apple.product-type.bundle.unit-test";
		};
		4EEC161228A2E9AC00ADAB3A /* GrowFriendUITests */ = {
			isa = PBXNativeTarget;
			buildConfigurationList = 4EEC162328A2E9AC00ADAB3A /* Build configuration list for PBXNativeTarget "GrowFriendUITests" */;
			buildPhases = (
				4EEC160F28A2E9AC00ADAB3A /* Sources */,
				4EEC161028A2E9AC00ADAB3A /* Frameworks */,
				4EEC161128A2E9AC00ADAB3A /* Resources */,
			);
			buildRules = (
			);
			dependencies = (
				4EEC161528A2E9AC00ADAB3A /* PBXTargetDependency */,
			);
			name = GrowFriendUITests;
			productName = GrowFriendUITests;
			productReference = 4EEC161328A2E9AC00ADAB3A /* GrowFriendUITests.xctest */;
			productType = "com.apple.product-type.bundle.ui-testing";
		};
/* End PBXNativeTarget section */

/* Begin PBXProject section */
		4EEC15EB28A2E9AB00ADAB3A /* Project object */ = {
			isa = PBXProject;
			attributes = {
				BuildIndependentTargetsInParallel = 1;
				LastSwiftUpdateCheck = 1330;
				LastUpgradeCheck = 1330;
				TargetAttributes = {
					4EEC15F228A2E9AB00ADAB3A = {
						CreatedOnToolsVersion = 13.3;
					};
					4EEC160828A2E9AC00ADAB3A = {
						CreatedOnToolsVersion = 13.3;
						TestTargetID = 4EEC15F228A2E9AB00ADAB3A;
					};
					4EEC161228A2E9AC00ADAB3A = {
						CreatedOnToolsVersion = 13.3;
						TestTargetID = 4EEC15F228A2E9AB00ADAB3A;
					};
				};
			};
			buildConfigurationList = 4EEC15EE28A2E9AB00ADAB3A /* Build configuration list for PBXProject "GrowFriend" */;
			compatibilityVersion = "Xcode 13.0";
			developmentRegion = en;
			hasScannedForEncodings = 0;
			knownRegions = (
				en,
				Base,
			);
			mainGroup = 4EEC15EA28A2E9AB00ADAB3A;
			productRefGroup = 4EEC15F428A2E9AB00ADAB3A /* Products */;
			projectDirPath = "";
			projectRoot = "";
			targets = (
				4EEC15F228A2E9AB00ADAB3A /* GrowFriend */,
				4EEC160828A2E9AC00ADAB3A /* GrowFriendTests */,
				4EEC161228A2E9AC00ADAB3A /* GrowFriendUITests */,
			);
		};
/* End PBXProject section */

/* Begin PBXResourcesBuildPhase section */
		4EEC15F128A2E9AB00ADAB3A /* Resources */ = {
			isa = PBXResourcesBuildPhase;
			buildActionMask = 2147483647;
			files = (
				4EEC160328A2E9AC00ADAB3A /* LaunchScreen.storyboard in Resources */,
				4EEC160028A2E9AC00ADAB3A /* Assets.xcassets in Resources */,
				4EEC15FE28A2E9AB00ADAB3A /* Main.storyboard in Resources */,
			);
			runOnlyForDeploymentPostprocessing = 0;
		};
		4EEC160728A2E9AC00ADAB3A /* Resources */ = {
			isa = PBXResourcesBuildPhase;
			buildActionMask = 2147483647;
			files = (
			);
			runOnlyForDeploymentPostprocessing = 0;
		};
		4EEC161128A2E9AC00ADAB3A /* Resources */ = {
			isa = PBXResourcesBuildPhase;
			buildActionMask = 2147483647;
			files = (
			);
			runOnlyForDeploymentPostprocessing = 0;
		};
/* End PBXResourcesBuildPhase section */

/* Begin PBXSourcesBuildPhase section */
		4EEC15EF28A2E9AB00ADAB3A /* Sources */ = {
			isa = PBXSourcesBuildPhase;
			buildActionMask = 2147483647;
			files = (
				4EEC15FB28A2E9AB00ADAB3A /* ViewController.swift in Sources */,
				4EEC15F728A2E9AB00ADAB3A /* AppDelegate.swift in Sources */,
				4EEC15F928A2E9AB00ADAB3A /* SceneDelegate.swift in Sources */,
			);
			runOnlyForDeploymentPostprocessing = 0;
		};
		4EEC160528A2E9AC00ADAB3A /* Sources */ = {
			isa = PBXSourcesBuildPhase;
			buildActionMask = 2147483647;
			files = (
				4EEC160E28A2E9AC00ADAB3A /* GrowFriendTests.swift in Sources */,
			);
			runOnlyForDeploymentPostprocessing = 0;
		};
		4EEC160F28A2E9AC00ADAB3A /* Sources */ = {
			isa = PBXSourcesBuildPhase;
			buildActionMask = 2147483647;
			files = (
				4EEC161828A2E9AC00ADAB3A /* GrowFriendUITests.swift in Sources */,
				4EEC161A28A2E9AC00ADAB3A /* GrowFriendUITestsLaunchTests.swift in Sources */,
			);
			runOnlyForDeploymentPostprocessing = 0;
		};
/* End PBXSourcesBuildPhase section */

/* Begin PBXTargetDependency section */
		4EEC160B28A2E9AC00ADAB3A /* PBXTargetDependency */ = {
			isa = PBXTargetDependency;
			target = 4EEC15F228A2E9AB00ADAB3A /* GrowFriend */;
			targetProxy = 4EEC160A28A2E9AC00ADAB3A /* PBXContainerItemProxy */;
		};
		4EEC161528A2E9AC00ADAB3A /* PBXTargetDependency */ = {
			isa = PBXTargetDependency;
			target = 4EEC15F228A2E9AB00ADAB3A /* GrowFriend */;
			targetProxy = 4EEC161428A2E9AC00ADAB3A /* PBXContainerItemProxy */;
		};
/* End PBXTargetDependency section */

/* Begin PBXVariantGroup section */
		4EEC15FC28A2E9AB00ADAB3A /* Main.storyboard */ = {
			isa = PBXVariantGroup;
			children = (
				4EEC15FD28A2E9AB00ADAB3A /* Base */,
			);
			name = Main.storyboard;
			sourceTree = "<group>";
		};
		4EEC160128A2E9AC00ADAB3A /* LaunchScreen.storyboard */ = {
			isa = PBXVariantGroup;
			children = (
				4EEC160228A2E9AC00ADAB3A /* Base */,
			);
			name = LaunchScreen.storyboard;
			sourceTree = "<group>";
		};
/* End PBXVariantGroup section */

/* Begin XCBuildConfiguration section */
		4EEC161B28A2E9AC00ADAB3A /* Debug */ = {
			isa = XCBuildConfiguration;
			buildSettings = {
				ALWAYS_SEARCH_USER_PATHS = NO;
				CLANG_ANALYZER_NONNULL = YES;
				CLANG_ANALYZER_NUMBER_OBJECT_CONVERSION = YES_AGGRESSIVE;
				CLANG_CXX_LANGUAGE_STANDARD = "gnu++17";
				CLANG_ENABLE_MODULES = YES;
				CLANG_ENABLE_OBJC_ARC = YES;
				CLANG_ENABLE_OBJC_WEAK = YES;
				CLANG_WARN_BLOCK_CAPTURE_AUTORELEASING = YES;
				CLANG_WARN_BOOL_CONVERSION = YES;
				CLANG_WARN_COMMA = YES;
				CLANG_WARN_CONSTANT_CONVERSION = YES;
				CLANG_WARN_DEPRECATED_OBJC_IMPLEMENTATIONS = YES;
				CLANG_WARN_DIRECT_OBJC_ISA_USAGE = YES_ERROR;
				CLANG_WARN_DOCUMENTATION_COMMENTS = YES;
				CLANG_WARN_EMPTY_BODY = YES;
				CLANG_WARN_ENUM_CONVERSION = YES;
				CLANG_WARN_INFINITE_RECURSION = YES;
				CLANG_WARN_INT_CONVERSION = YES;
				CLANG_WARN_NON_LITERAL_NULL_CONVERSION = YES;
				CLANG_WARN_OBJC_IMPLICIT_RETAIN_SELF = YES;
				CLANG_WARN_OBJC_LITERAL_CONVERSION = YES;
				CLANG_WARN_OBJC_ROOT_CLASS = YES_ERROR;
				CLANG_WARN_QUOTED_INCLUDE_IN_FRAMEWORK_HEADER = YES;
				CLANG_WARN_RANGE_LOOP_ANALYSIS = YES;
				CLANG_WARN_STRICT_PROTOTYPES = YES;
				CLANG_WARN_SUSPICIOUS_MOVE = YES;
				CLANG_WARN_UNGUARDED_AVAILABILITY = YES_AGGRESSIVE;
				CLANG_WARN_UNREACHABLE_CODE = YES;
				CLANG_WARN__DUPLICATE_METHOD_MATCH = YES;
				COPY_PHASE_STRIP = NO;
				DEBUG_INFORMATION_FORMAT = dwarf;
				ENABLE_STRICT_OBJC_MSGSEND = YES;
				ENABLE_TESTABILITY = YES;
				GCC_C_LANGUAGE_STANDARD = gnu11;
				GCC_DYNAMIC_NO_PIC = NO;
				GCC_NO_COMMON_BLOCKS = YES;
				GCC_OPTIMIZATION_LEVEL = 0;
				GCC_PREPROCESSOR_DEFINITIONS = (
					"DEBUG=1",
					"$(inherited)",
				);
				GCC_WARN_64_TO_32_BIT_CONVERSION = YES;
				GCC_WARN_ABOUT_RETURN_TYPE = YES_ERROR;
				GCC_WARN_UNDECLARED_SELECTOR = YES;
				GCC_WARN_UNINITIALIZED_AUTOS = YES_AGGRESSIVE;
				GCC_WARN_UNUSED_FUNCTION = YES;
				GCC_WARN_UNUSED_VARIABLE = YES;
				IPHONEOS_DEPLOYMENT_TARGET = 15.4;
				MTL_ENABLE_DEBUG_INFO = INCLUDE_SOURCE;
				MTL_FAST_MATH = YES;
				ONLY_ACTIVE_ARCH = YES;
				SDKROOT = iphoneos;
				SWIFT_ACTIVE_COMPILATION_CONDITIONS = DEBUG;
				SWIFT_OPTIMIZATION_LEVEL = "-Onone";
			};
			name = Debug;
		};
		4EEC161C28A2E9AC00ADAB3A /* Release */ = {
			isa = XCBuildConfiguration;
			buildSettings = {
				ALWAYS_SEARCH_USER_PATHS = NO;
				CLANG_ANALYZER_NONNULL = YES;
				CLANG_ANALYZER_NUMBER_OBJECT_CONVERSION = YES_AGGRESSIVE;
				CLANG_CXX_LANGUAGE_STANDARD = "gnu++17";
				CLANG_ENABLE_MODULES = YES;
				CLANG_ENABLE_OBJC_ARC = YES;
				CLANG_ENABLE_OBJC_WEAK = YES;
				CLANG_WARN_BLOCK_CAPTURE_AUTORELEASING = YES;
				CLANG_WARN_BOOL_CONVERSION = YES;
				CLANG_WARN_COMMA = YES;
				CLANG_WARN_CONSTANT_CONVERSION = YES;
				CLANG_WARN_DEPRECATED_OBJC_IMPLEMENTATIONS = YES;
				CLANG_WARN_DIRECT_OBJC_ISA_USAGE = YES_ERROR;
				CLANG_WARN_DOCUMENTATION_COMMENTS = YES;
				CLANG_WARN_EMPTY_BODY = YES;
				CLANG_WARN_ENUM_CONVERSION = YES;
				CLANG_WARN_INFINITE_RECURSION = YES;
				CLANG_WARN_INT_CONVERSION = YES;
				CLANG_WARN_NON_LITERAL_NULL_CONVERSION = YES;
				CLANG_WARN_OBJC_IMPLICIT_RETAIN_SELF = YES;
				CLANG_WARN_OBJC_LITERAL_CONVERSION = YES;
				CLANG_WARN_OBJC_ROOT_CLASS = YES_ERROR;
				CLANG_WARN_QUOTED_INCLUDE_IN_FRAMEWORK_HEADER = YES;
				CLANG_WARN_RANGE_LOOP_ANALYSIS = YES;
				CLANG_WARN_STRICT_PROTOTYPES = YES;
				CLANG_WARN_SUSPICIOUS_MOVE = YES;
				CLANG_WARN_UNGUARDED_AVAILABILITY = YES_AGGRESSIVE;
				CLANG_WARN_UNREACHABLE_CODE = YES;
				CLANG_WARN__DUPLICATE_METHOD_MATCH = YES;
				COPY_PHASE_STRIP = NO;
				DEBUG_INFORMATION_FORMAT = "dwarf-with-dsym";
				ENABLE_NS_ASSERTIONS = NO;
				ENABLE_STRICT_OBJC_MSGSEND = YES;
				GCC_C_LANGUAGE_STANDARD = gnu11;
				GCC_NO_COMMON_BLOCKS = YES;
				GCC_WARN_64_TO_32_BIT_CONVERSION = YES;
				GCC_WARN_ABOUT_RETURN_TYPE = YES_ERROR;
				GCC_WARN_UNDECLARED_SELECTOR = YES;
				GCC_WARN_UNINITIALIZED_AUTOS = YES_AGGRESSIVE;
				GCC_WARN_UNUSED_FUNCTION = YES;
				GCC_WARN_UNUSED_VARIABLE = YES;
				IPHONEOS_DEPLOYMENT_TARGET = 15.4;
				MTL_ENABLE_DEBUG_INFO = NO;
				MTL_FAST_MATH = YES;
				SDKROOT = iphoneos;
				SWIFT_COMPILATION_MODE = wholemodule;
				SWIFT_OPTIMIZATION_LEVEL = "-O";
				VALIDATE_PRODUCT = YES;
			};
			name = Release;
		};
		4EEC161E28A2E9AC00ADAB3A /* Debug */ = {
			isa = XCBuildConfiguration;
			buildSettings = {
				ASSETCATALOG_COMPILER_APPICON_NAME = AppIcon;
				ASSETCATALOG_COMPILER_GLOBAL_ACCENT_COLOR_NAME = AccentColor;
				CODE_SIGN_STYLE = Automatic;
				CURRENT_PROJECT_VERSION = 1;
				DEVELOPMENT_TEAM = C5A66RL5DQ;
				GENERATE_INFOPLIST_FILE = YES;
				INFOPLIST_FILE = GrowFriend/Info.plist;
				INFOPLIST_KEY_UIApplicationSupportsIndirectInputEvents = YES;
				INFOPLIST_KEY_UILaunchStoryboardName = LaunchScreen;
				INFOPLIST_KEY_UIMainStoryboardFile = Main;
				INFOPLIST_KEY_UISupportedInterfaceOrientations_iPad = "UIInterfaceOrientationPortrait UIInterfaceOrientationPortraitUpsideDown UIInterfaceOrientationLandscapeLeft UIInterfaceOrientationLandscapeRight";
				INFOPLIST_KEY_UISupportedInterfaceOrientations_iPhone = "UIInterfaceOrientationPortrait UIInterfaceOrientationLandscapeLeft UIInterfaceOrientationLandscapeRight";
				LD_RUNPATH_SEARCH_PATHS = (
					"$(inherited)",
					"@executable_path/Frameworks",
				);
				MARKETING_VERSION = 1.0;
				PRODUCT_BUNDLE_IDENTIFIER = mathieu.GrowFriend;
				PRODUCT_NAME = "$(TARGET_NAME)";
				SWIFT_EMIT_LOC_STRINGS = YES;
				SWIFT_VERSION = 5.0;
				TARGETED_DEVICE_FAMILY = "1,2";
			};
			name = Debug;
		};
		4EEC161F28A2E9AC00ADAB3A /* Release */ = {
			isa = XCBuildConfiguration;
			buildSettings = {
				ASSETCATALOG_COMPILER_APPICON_NAME = AppIcon;
				ASSETCATALOG_COMPILER_GLOBAL_ACCENT_COLOR_NAME = AccentColor;
				CODE_SIGN_STYLE = Automatic;
				CURRENT_PROJECT_VERSION = 1;
				DEVELOPMENT_TEAM = C5A66RL5DQ;
				GENERATE_INFOPLIST_FILE = YES;
				INFOPLIST_FILE = GrowFriend/Info.plist;
				INFOPLIST_KEY_UIApplicationSupportsIndirectInputEvents = YES;
				INFOPLIST_KEY_UILaunchStoryboardName = LaunchScreen;
				INFOPLIST_KEY_UIMainStoryboardFile = Main;
				INFOPLIST_KEY_UISupportedInterfaceOrientations_iPad = "UIInterfaceOrientationPortrait UIInterfaceOrientationPortraitUpsideDown UIInterfaceOrientationLandscapeLeft UIInterfaceOrientationLandscapeRight";
				INFOPLIST_KEY_UISupportedInterfaceOrientations_iPhone = "UIInterfaceOrientationPortrait UIInterfaceOrientationLandscapeLeft UIInterfaceOrientationLandscapeRight";
				LD_RUNPATH_SEARCH_PATHS = (
					"$(inherited)",
					"@executable_path/Frameworks",
				);
				MARKETING_VERSION = 1.0;
				PRODUCT_BUNDLE_IDENTIFIER = mathieu.GrowFriend;
				PRODUCT_NAME = "$(TARGET_NAME)";
				SWIFT_EMIT_LOC_STRINGS = YES;
				SWIFT_VERSION = 5.0;
				TARGETED_DEVICE_FAMILY = "1,2";
			};
			name = Release;
		};
		4EEC162128A2E9AC00ADAB3A /* Debug */ = {
			isa = XCBuildConfiguration;
			buildSettings = {
				ALWAYS_EMBED_SWIFT_STANDARD_LIBRARIES = YES;
				BUNDLE_LOADER = "$(TEST_HOST)";
				CODE_SIGN_STYLE = Automatic;
				CURRENT_PROJECT_VERSION = 1;
				DEVELOPMENT_TEAM = C5A66RL5DQ;
				GENERATE_INFOPLIST_FILE = YES;
				IPHONEOS_DEPLOYMENT_TARGET = 15.4;
				MARKETING_VERSION = 1.0;
				PRODUCT_BUNDLE_IDENTIFIER = mathieu.GrowFriendTests;
				PRODUCT_NAME = "$(TARGET_NAME)";
				SWIFT_EMIT_LOC_STRINGS = NO;
				SWIFT_VERSION = 5.0;
				TARGETED_DEVICE_FAMILY = "1,2";
				TEST_HOST = "$(BUILT_PRODUCTS_DIR)/GrowFriend.app/GrowFriend";
			};
			name = Debug;
		};
		4EEC162228A2E9AC00ADAB3A /* Release */ = {
			isa = XCBuildConfiguration;
			buildSettings = {
				ALWAYS_EMBED_SWIFT_STANDARD_LIBRARIES = YES;
				BUNDLE_LOADER = "$(TEST_HOST)";
				CODE_SIGN_STYLE = Automatic;
				CURRENT_PROJECT_VERSION = 1;
				DEVELOPMENT_TEAM = C5A66RL5DQ;
				GENERATE_INFOPLIST_FILE = YES;
				IPHONEOS_DEPLOYMENT_TARGET = 15.4;
				MARKETING_VERSION = 1.0;
				PRODUCT_BUNDLE_IDENTIFIER = mathieu.GrowFriendTests;
				PRODUCT_NAME = "$(TARGET_NAME)";
				SWIFT_EMIT_LOC_STRINGS = NO;
				SWIFT_VERSION = 5.0;
				TARGETED_DEVICE_FAMILY = "1,2";
				TEST_HOST = "$(BUILT_PRODUCTS_DIR)/GrowFriend.app/GrowFriend";
			};
			name = Release;
		};
		4EEC162428A2E9AC00ADAB3A /* Debug */ = {
			isa = XCBuildConfiguration;
			buildSettings = {
				ALWAYS_EMBED_SWIFT_STANDARD_LIBRARIES = YES;
				CODE_SIGN_STYLE = Automatic;
				CURRENT_PROJECT_VERSION = 1;
				DEVELOPMENT_TEAM = C5A66RL5DQ;
				GENERATE_INFOPLIST_FILE = YES;
				MARKETING_VERSION = 1.0;
				PRODUCT_BUNDLE_IDENTIFIER = mathieu.GrowFriendUITests;
				PRODUCT_NAME = "$(TARGET_NAME)";
				SWIFT_EMIT_LOC_STRINGS = NO;
				SWIFT_VERSION = 5.0;
				TARGETED_DEVICE_FAMILY = "1,2";
				TEST_TARGET_NAME = GrowFriend;
			};
			name = Debug;
		};
		4EEC162528A2E9AC00ADAB3A /* Release */ = {
			isa = XCBuildConfiguration;
			buildSettings = {
				ALWAYS_EMBED_SWIFT_STANDARD_LIBRARIES = YES;
				CODE_SIGN_STYLE = Automatic;
				CURRENT_PROJECT_VERSION = 1;
				DEVELOPMENT_TEAM = C5A66RL5DQ;
				GENERATE_INFOPLIST_FILE = YES;
				MARKETING_VERSION = 1.0;
				PRODUCT_BUNDLE_IDENTIFIER = mathieu.GrowFriendUITests;
				PRODUCT_NAME = "$(TARGET_NAME)";
				SWIFT_EMIT_LOC_STRINGS = NO;
				SWIFT_VERSION = 5.0;
				TARGETED_DEVICE_FAMILY = "1,2";
				TEST_TARGET_NAME = GrowFriend;
			};
			name = Release;
		};
/* End XCBuildConfiguration section */

/* Begin XCConfigurationList section */
		4EEC15EE28A2E9AB00ADAB3A /* Build configuration list for PBXProject "GrowFriend" */ = {
			isa = XCConfigurationList;
			buildConfigurations = (
				4EEC161B28A2E9AC00ADAB3A /* Debug */,
				4EEC161C28A2E9AC00ADAB3A /* Release */,
			);
			defaultConfigurationIsVisible = 0;
			defaultConfigurationName = Release;
		};
		4EEC161D28A2E9AC00ADAB3A /* Build configuration list for PBXNativeTarget "GrowFriend" */ = {
			isa = XCConfigurationList;
			buildConfigurations = (
				4EEC161E28A2E9AC00ADAB3A /* Debug */,
				4EEC161F28A2E9AC00ADAB3A /* Release */,
			);
			defaultConfigurationIsVisible = 0;
			defaultConfigurationName = Release;
		};
		4EEC162028A2E9AC00ADAB3A /* Build configuration list for PBXNativeTarget "GrowFriendTests" */ = {
			isa = XCConfigurationList;
			buildConfigurations = (
				4EEC162128A2E9AC00ADAB3A /* Debug */,
				4EEC162228A2E9AC00ADAB3A /* Release */,
			);
			defaultConfigurationIsVisible = 0;
			defaultConfigurationName = Release;
		};
		4EEC162328A2E9AC00ADAB3A /* Build configuration list for PBXNativeTarget "GrowFriendUITests" */ = {
			isa = XCConfigurationList;
			buildConfigurations = (
				4EEC162428A2E9AC00ADAB3A /* Debug */,
				4EEC162528A2E9AC00ADAB3A /* Release */,
			);
			defaultConfigurationIsVisible = 0;
			defaultConfigurationName = Release;
		};
/* End XCConfigurationList section */
	};
	rootObject = 4EEC15EB28A2E9AB00ADAB3A /* Project object */;
}
